
Microsoft Visual Studio Solution File, Format Version 12.00
# Visual Studio Version 17
VisualStudioVersion = 17.0.31903.59
MinimumVisualStudioVersion = 10.0.40219.1
Project("{FAE04EC0-301F-11D3-BF4B-00C04F79EFBC}") = "EmployeeManagementMVC", "EmployeeManagementMVC\EmployeeManagementMVC.csproj", "{6B770B01-479C-4D25-A1E3-154C39C4E96E}"
EndProject
Project("{FAE04EC0-301F-11D3-BF4B-00C04F79EFBC}") = "EmployeeManagementLibrary", "EmployeeManagementLibrary\EmployeeManagementLibrary.csproj", "{BA9FD470-7B14-49B0-BCCA-AF07734ECA71}"
EndProject
Project("{FAE04EC0-301F-11D3-BF4B-00C04F79EFBC}") = "EmployeeManagementAPI", "EmployeeManagementAPI\EmployeeManagementAPI.csproj", "{CB0DF859-D782-4C7C-883E-D6FEC505DE3A}"
EndProject
Global
	GlobalSection(SolutionConfigurationPlatforms) = preSolution
		Debug|Any CPU = Debug|Any CPU
		Release|Any CPU = Release|Any CPU
	EndGlobalSection
	GlobalSection(SolutionProperties) = preSolution
		HideSolutionNode = FALSE
	EndGlobalSection
	GlobalSection(ProjectConfigurationPlatforms) = postSolution
		{6B770B01-479C-4D25-A1E3-154C39C4E96E}.Debug|Any CPU.ActiveCfg = Debug|Any CPU
		{6B770B01-479C-4D25-A1E3-154C39C4E96E}.Debug|Any CPU.Build.0 = Debug|Any CPU
		{6B770B01-479C-4D25-A1E3-154C39C4E96E}.Release|Any CPU.ActiveCfg = Release|Any CPU
		{6B770B01-479C-4D25-A1E3-154C39C4E96E}.Release|Any CPU.Build.0 = Release|Any CPU
		{BA9FD470-7B14-49B0-BCCA-AF07734ECA71}.Debug|Any CPU.ActiveCfg = Debug|Any CPU
		{BA9FD470-7B14-49B0-BCCA-AF07734ECA71}.Debug|Any CPU.Build.0 = Debug|Any CPU
		{BA9FD470-7B14-49B0-BCCA-AF07734ECA71}.Release|Any CPU.ActiveCfg = Release|Any CPU
		{BA9FD470-7B14-49B0-BCCA-AF07734ECA71}.Release|Any CPU.Build.0 = Release|Any CPU
		{CB0DF859-D782-4C7C-883E-D6FEC505DE3A}.Debug|Any CPU.ActiveCfg = Debug|Any CPU
		{CB0DF859-D782-4C7C-883E-D6FEC505DE3A}.Debug|Any CPU.Build.0 = Debug|Any CPU
		{CB0DF859-D782-4C7C-883E-D6FEC505DE3A}.Release|Any CPU.ActiveCfg = Release|Any CPU
		{CB0DF859-D782-4C7C-883E-D6FEC505DE3A}.Release|Any CPU.Build.0 = Release|Any CPU
	EndGlobalSection
EndGlobal
